
Microsoft Visual Studio Solution File, Format Version 12.00
# Visual Studio Version 16
VisualStudioVersion = 16.0.29806.167
MinimumVisualStudioVersion = 10.0.40219.1
Project("{8BC9CEB8-8B4A-11D0-8D11-00A0C91BC942}") = "OOP_Lab_01.Task_21", "OOP_Lab_01.Task_21\OOP_Lab_01.Task_21.vcxproj", "{83423EA8-DC96-4BBF-9BF6-298142B829C7}"
EndProject
Global
	GlobalSection(SolutionConfigurationPlatforms) = preSolution
		Debug|x64 = Debug|x64
		Debug|x86 = Debug|x86
		Release|x64 = Release|x64
		Release|x86 = Release|x86
	EndGlobalSection
	GlobalSection(ProjectConfigurationPlatforms) = postSolution
		{83423EA8-DC96-4BBF-9BF6-298142B829C7}.Debug|x64.ActiveCfg = Debug|x64
		{83423EA8-DC96-4BBF-9BF6-298142B829C7}.Debug|x64.Build.0 = Debug|x64
		{83423EA8-DC96-4BBF-9BF6-298142B829C7}.Debug|x86.ActiveCfg = Debug|Win32
		{83423EA8-DC96-4BBF-9BF6-298142B829C7}.Debug|x86.Build.0 = Debug|Win32
		{83423EA8-DC96-4BBF-9BF6-298142B829C7}.Release|x64.ActiveCfg = Release|x64
		{83423EA8-DC96-4BBF-9BF6-298142B829C7}.Release|x64.Build.0 = Release|x64
		{83423EA8-DC96-4BBF-9BF6-298142B829C7}.Release|x86.ActiveCfg = Release|Win32
		{83423EA8-DC96-4BBF-9BF6-298142B829C7}.Release|x86.Build.0 = Release|Win32
	EndGlobalSection
	GlobalSection(SolutionProperties) = preSolution
		HideSolutionNode = FALSE
	EndGlobalSection
	GlobalSection(ExtensibilityGlobals) = postSolution
		SolutionGuid = {1E31EB73-FD30-4326-B45F-00B67EE30B55}
	EndGlobalSection
EndGlobal
